
Microsoft Visual Studio Solution File, Format Version 12.00
# Visual Studio Version 17
VisualStudioVersion = 17.14.36408.4 d17.14
MinimumVisualStudioVersion = 10.0.40219.1
Project("{FAE04EC0-301F-11D3-BF4B-00C04F79EFBC}") = "Lab4_LTW", "Lab4_LTW.csproj", "{161F18E1-118D-41F0-8A77-6642E4354E78}"
EndProject
Global
	GlobalSection(SolutionConfigurationPlatforms) = preSolution
		Debug|Any CPU = Debug|Any CPU
		Release|Any CPU = Release|Any CPU
	EndGlobalSection
	GlobalSection(ProjectConfigurationPlatforms) = postSolution
		{161F18E1-118D-41F0-8A77-6642E4354E78}.Debug|Any CPU.ActiveCfg = Debug|Any CPU
		{161F18E1-118D-41F0-8A77-6642E4354E78}.Debug|Any CPU.Build.0 = Debug|Any CPU
		{161F18E1-118D-41F0-8A77-6642E4354E78}.Release|Any CPU.ActiveCfg = Release|Any CPU
		{161F18E1-118D-41F0-8A77-6642E4354E78}.Release|Any CPU.Build.0 = Release|Any CPU
	EndGlobalSection
	GlobalSection(SolutionProperties) = preSolution
		HideSolutionNode = FALSE
	EndGlobalSection
	GlobalSection(ExtensibilityGlobals) = postSolution
		SolutionGuid = {C9B709D3-848A-4C1C-B30A-8D6FC729D3A6}
	EndGlobalSection
EndGlobal
